
Microsoft Visual Studio Solution File, Format Version 12.00
# Visual Studio Version 17
VisualStudioVersion = 17.2.32505.173
MinimumVisualStudioVersion = 10.0.40219.1
Project("{2150E333-8FDC-42A3-9474-1A3956D46DE8}") = "Solution Items", "Solution Items", "{90150B24-0F40-41BB-95EF-D95F50BF06BE}"
	ProjectSection(SolutionItems) = preProject
		.gitattributes = .gitattributes
		.gitignore = .gitignore
		.gitmodules = .gitmodules
		Directory.Build.props = Directory.Build.props
		Directory.Build.targets = Directory.Build.targets
		GitVersion.yml = GitVersion.yml
		global.json = global.json
		README.md = README.md
	EndProjectSection
EndProject
Project("{2150E333-8FDC-42A3-9474-1A3956D46DE8}") = "dist", "dist", "{2B1DC931-2EBF-4544-8076-3C7BF5870163}"
EndProject
Project("{9A19103F-16F7-4668-BE54-9A1E7A4F7556}") = "Gib.Core", "src\Gib.Core\Gib.Core.csproj", "{ECA4C80C-B40D-4E82-B2FC-EB13E41FD67D}"
EndProject
Project("{9A19103F-16F7-4668-BE54-9A1E7A4F7556}") = "Gib.Console", "src\Gib.Console\Gib.Console.csproj", "{700816D6-DC49-40FB-BADB-558FF3D53A64}"
EndProject
Project("{9A19103F-16F7-4668-BE54-9A1E7A4F7556}") = "Gib.Tests", "src\Gib.Tests\Gib.Tests.csproj", "{4C2947F7-51DE-4FD5-ACF2-4B259F0022F4}"
EndProject
Project("{9A19103F-16F7-4668-BE54-9A1E7A4F7556}") = "Gip.Core", "src\Gip.Core\Gip.Core.csproj", "{D16510F9-C033-4F71-85E6-B7FACBEC247A}"
EndProject
Project("{FAE04EC0-301F-11D3-BF4B-00C04F79EFBC}") = "Gip.Tests", "src\Gip.Tests\Gip.Tests.csproj", "{198433F1-1F06-4B4C-8024-6F28E514A48B}"
EndProject
Global
	GlobalSection(SolutionConfigurationPlatforms) = preSolution
		Debug|Any CPU = Debug|Any CPU
		Release|Any CPU = Release|Any CPU
	EndGlobalSection
	GlobalSection(ProjectConfigurationPlatforms) = postSolution
		{ECA4C80C-B40D-4E82-B2FC-EB13E41FD67D}.Debug|Any CPU.ActiveCfg = Debug|Any CPU
		{ECA4C80C-B40D-4E82-B2FC-EB13E41FD67D}.Debug|Any CPU.Build.0 = Debug|Any CPU
		{ECA4C80C-B40D-4E82-B2FC-EB13E41FD67D}.Release|Any CPU.ActiveCfg = Release|Any CPU
		{ECA4C80C-B40D-4E82-B2FC-EB13E41FD67D}.Release|Any CPU.Build.0 = Release|Any CPU
		{700816D6-DC49-40FB-BADB-558FF3D53A64}.Debug|Any CPU.ActiveCfg = Debug|Any CPU
		{700816D6-DC49-40FB-BADB-558FF3D53A64}.Debug|Any CPU.Build.0 = Debug|Any CPU
		{700816D6-DC49-40FB-BADB-558FF3D53A64}.Release|Any CPU.ActiveCfg = Release|Any CPU
		{700816D6-DC49-40FB-BADB-558FF3D53A64}.Release|Any CPU.Build.0 = Release|Any CPU
		{4C2947F7-51DE-4FD5-ACF2-4B259F0022F4}.Debug|Any CPU.ActiveCfg = Debug|Any CPU
		{4C2947F7-51DE-4FD5-ACF2-4B259F0022F4}.Debug|Any CPU.Build.0 = Debug|Any CPU
		{4C2947F7-51DE-4FD5-ACF2-4B259F0022F4}.Release|Any CPU.ActiveCfg = Release|Any CPU
		{4C2947F7-51DE-4FD5-ACF2-4B259F0022F4}.Release|Any CPU.Build.0 = Release|Any CPU
		{D16510F9-C033-4F71-85E6-B7FACBEC247A}.Debug|Any CPU.ActiveCfg = Debug|Any CPU
		{D16510F9-C033-4F71-85E6-B7FACBEC247A}.Debug|Any CPU.Build.0 = Debug|Any CPU
		{D16510F9-C033-4F71-85E6-B7FACBEC247A}.Release|Any CPU.ActiveCfg = Release|Any CPU
		{D16510F9-C033-4F71-85E6-B7FACBEC247A}.Release|Any CPU.Build.0 = Release|Any CPU
		{198433F1-1F06-4B4C-8024-6F28E514A48B}.Debug|Any CPU.ActiveCfg = Debug|Any CPU
		{198433F1-1F06-4B4C-8024-6F28E514A48B}.Debug|Any CPU.Build.0 = Debug|Any CPU
		{198433F1-1F06-4B4C-8024-6F28E514A48B}.Release|Any CPU.ActiveCfg = Release|Any CPU
		{198433F1-1F06-4B4C-8024-6F28E514A48B}.Release|Any CPU.Build.0 = Release|Any CPU
	EndGlobalSection
	GlobalSection(SolutionProperties) = preSolution
		HideSolutionNode = FALSE
	EndGlobalSection
	GlobalSection(ExtensibilityGlobals) = postSolution
		SolutionGuid = {A03ACB78-6C3F-4E09-BAF1-16E41D5A3945}
	EndGlobalSection
EndGlobal
